{
  "name": "app",
  "lockfileVersion": 3,
  "requires": true,
  "packages": {
    "": {
      "dependencies": {
        "@kurkle/color": "^0.2.1",
        "chart.js": "^4.4.3",
        "chartjs-plugin-datalabels": "^2.2.0"
      }
    },
    "node_modules/@kurkle/color": {
      "version": "0.2.1",
      "resolved": "https://registry.npmjs.org/@kurkle/color/-/color-0.2.1.tgz",
      "integrity": "sha512-zkMiuMMMQ92x16uBC2nkqTYDynCY9vhAxF0TH1vSMWKD0hnTGxnYtV1v+NEuVYuwYeA40jD4iuyz0ApcDJQstw==",
      "license": "MIT"
    },
    "node_modules/chart.js": {
      "version": "4.4.3",
      "resolved": "https://registry.npmjs.org/chart.js/-/chart.js-4.4.3.tgz",
      "integrity": "sha512-qK1gkGSRYcJzqrrzdR6a+I0vQ4/R+SoODXyAjscQ/4mzuNzySaMCd+hyVxitSY1+L2fjPD1Gbn+ibNqRmwQeLw==",
      "dependencies": {
        "@kurkle/color": "^0.3.0"
      },
      "engines": {
        "pnpm": ">=8"
      }
    },
    "node_modules/chart.js/node_modules/@kurkle/color": {
      "version": "0.3.4",
      "resolved": "https://registry.npmjs.org/@kurkle/color/-/color-0.3.4.tgz",
      "integrity": "sha512-M5UknZPHRu3DEDWoipU6sE8PdkZ6Z/S+v4dD+Ke8IaNlpdSQah50lz1KtcFBa2vsdOnwbbnxJwVM4wty6udA5w==",
      "license": "MIT"
    },
    "node_modules/chartjs-plugin-datalabels": {
      "version": "2.2.0",
      "resolved": "https://registry.npmjs.org/chartjs-plugin-datalabels/-/chartjs-plugin-datalabels-2.2.0.tgz",
      "integrity": "sha512-14ZU30lH7n89oq+A4bWaJPnAG8a7ZTk7dKf48YAzMvJjQtjrgg5Dpk9f+LbjCF6bpx3RAGTeL13IXpKQYyRvlw==",
      "license": "MIT",
      "peerDependencies": {
        "chart.js": ">=3.0.0"
      }
    }
  }
}
